// !$*UTF8*$!
{
	archiveVersion = 1;
	classes = {
	};
	objectVersion = 51;
	objects = {

/* Begin PBXBuildFile section */
		400F9B7F65BA056B7C4DD018 /* Pods_FireChat.framework in Frameworks */ = {isa = PBXBuildFile; fileRef = 77C19927EE9EB43E32EB9546 /* Pods_FireChat.framework */; };
		601AF06D250FEE0400E7BB84 /* Constants.swift in Sources */ = {isa = PBXBuildFile; fileRef = 601AF06C250FEE0400E7BB84 /* Constants.swift */; };
		601AF06F25102A1900E7BB84 /* ConversationCell.swift in Sources */ = {isa = PBXBuildFile; fileRef = 601AF06E25102A1900E7BB84 /* ConversationCell.swift */; };
		60450C6524735C5400DFF6EB /* AppDelegate.swift in Sources */ = {isa = PBXBuildFile; fileRef = 60450C6424735C5400DFF6EB /* AppDelegate.swift */; };
		60450C6724735C5400DFF6EB /* SceneDelegate.swift in Sources */ = {isa = PBXBuildFile; fileRef = 60450C6624735C5400DFF6EB /* SceneDelegate.swift */; };
		60450C6924735C5400DFF6EB /* ViewController.swift in Sources */ = {isa = PBXBuildFile; fileRef = 60450C6824735C5400DFF6EB /* ViewController.swift */; };
		60450C6C24735C5400DFF6EB /* Main.storyboard in Resources */ = {isa = PBXBuildFile; fileRef = 60450C6A24735C5400DFF6EB /* Main.storyboard */; };
		60450C6E24735C5800DFF6EB /* Assets.xcassets in Resources */ = {isa = PBXBuildFile; fileRef = 60450C6D24735C5800DFF6EB /* Assets.xcassets */; };
		60450C7124735C5800DFF6EB /* LaunchScreen.storyboard in Resources */ = {isa = PBXBuildFile; fileRef = 60450C6F24735C5800DFF6EB /* LaunchScreen.storyboard */; };
		60450C7F24735D2100DFF6EB /* ConversationsController.swift in Sources */ = {isa = PBXBuildFile; fileRef = 60450C7E24735D2100DFF6EB /* ConversationsController.swift */; };
		60450C82247366D600DFF6EB /* LoginController.swift in Sources */ = {isa = PBXBuildFile; fileRef = 60450C81247366D600DFF6EB /* LoginController.swift */; };
		60450C84247366E400DFF6EB /* RegistrationController.swift in Sources */ = {isa = PBXBuildFile; fileRef = 60450C83247366E400DFF6EB /* RegistrationController.swift */; };
		60450C862474891400DFF6EB /* Extensions.swift in Sources */ = {isa = PBXBuildFile; fileRef = 60450C852474891400DFF6EB /* Extensions.swift */; };
		60450C88247CA41700DFF6EB /* InputContainerView.swift in Sources */ = {isa = PBXBuildFile; fileRef = 60450C87247CA41700DFF6EB /* InputContainerView.swift */; };
		60450C8A247CA73400DFF6EB /* CustomTextField.swift in Sources */ = {isa = PBXBuildFile; fileRef = 60450C89247CA73400DFF6EB /* CustomTextField.swift */; };
		6079DD662485D70D0001AD0D /* LoginViewModel.swift in Sources */ = {isa = PBXBuildFile; fileRef = 6079DD652485D70D0001AD0D /* LoginViewModel.swift */; };
		6079DD682485E47F0001AD0D /* RegistrationViewModel.swift in Sources */ = {isa = PBXBuildFile; fileRef = 6079DD672485E47F0001AD0D /* RegistrationViewModel.swift */; };
		6079DD6A24871F340001AD0D /* GoogleService-Info.plist in Resources */ = {isa = PBXBuildFile; fileRef = 6079DD6924871F340001AD0D /* GoogleService-Info.plist */; };
		60C40AE724F8864500DACCD8 /* AuthService.swift in Sources */ = {isa = PBXBuildFile; fileRef = 60C40AE624F8864500DACCD8 /* AuthService.swift */; };
		60C40AE924F93EBB00DACCD8 /* NewMessageController.swift in Sources */ = {isa = PBXBuildFile; fileRef = 60C40AE824F93EBB00DACCD8 /* NewMessageController.swift */; };
		60C40AEB24F9441000DACCD8 /* UserCell.swift in Sources */ = {isa = PBXBuildFile; fileRef = 60C40AEA24F9441000DACCD8 /* UserCell.swift */; };
		60C40AED24F94AD800DACCD8 /* User.swift in Sources */ = {isa = PBXBuildFile; fileRef = 60C40AEC24F94AD800DACCD8 /* User.swift */; };
		60C40AEF24F94B8500DACCD8 /* Service.swift in Sources */ = {isa = PBXBuildFile; fileRef = 60C40AEE24F94B8500DACCD8 /* Service.swift */; };
		60C40AF124F9766F00DACCD8 /* ChatController.swift in Sources */ = {isa = PBXBuildFile; fileRef = 60C40AF024F9766F00DACCD8 /* ChatController.swift */; };
		60C40AF324F97C7C00DACCD8 /* CustomInputAccessoryView.swift in Sources */ = {isa = PBXBuildFile; fileRef = 60C40AF224F97C7C00DACCD8 /* CustomInputAccessoryView.swift */; };
		60C40AF524F98D3500DACCD8 /* MessageCell.swift in Sources */ = {isa = PBXBuildFile; fileRef = 60C40AF424F98D3500DACCD8 /* MessageCell.swift */; };
		60C40AF724F995BB00DACCD8 /* Message.swift in Sources */ = {isa = PBXBuildFile; fileRef = 60C40AF624F995BB00DACCD8 /* Message.swift */; };
		60C40AF924F999CE00DACCD8 /* MessageViewModel.swift in Sources */ = {isa = PBXBuildFile; fileRef = 60C40AF824F999CE00DACCD8 /* MessageViewModel.swift */; };
/* End PBXBuildFile section */

/* Begin PBXFileReference section */
		57C5AE1AAE90DA00A59F2A38 /* Pods-FireChat.release.xcconfig */ = {isa = PBXFileReference; includeInIndex = 1; lastKnownFileType = text.xcconfig; name = "Pods-FireChat.release.xcconfig"; path = "Target Support Files/Pods-FireChat/Pods-FireChat.release.xcconfig"; sourceTree = "<group>"; };
		601AF06C250FEE0400E7BB84 /* Constants.swift */ = {isa = PBXFileReference; lastKnownFileType = sourcecode.swift; path = Constants.swift; sourceTree = "<group>"; };
		601AF06E25102A1900E7BB84 /* ConversationCell.swift */ = {isa = PBXFileReference; lastKnownFileType = sourcecode.swift; path = ConversationCell.swift; sourceTree = "<group>"; };
		60450C6124735C5400DFF6EB /* FireChat.app */ = {isa = PBXFileReference; explicitFileType = wrapper.application; includeInIndex = 0; path = FireChat.app; sourceTree = BUILT_PRODUCTS_DIR; };
		60450C6424735C5400DFF6EB /* AppDelegate.swift */ = {isa = PBXFileReference; lastKnownFileType = sourcecode.swift; path = AppDelegate.swift; sourceTree = "<group>"; };
		60450C6624735C5400DFF6EB /* SceneDelegate.swift */ = {isa = PBXFileReference; lastKnownFileType = sourcecode.swift; path = SceneDelegate.swift; sourceTree = "<group>"; };
		60450C6824735C5400DFF6EB /* ViewController.swift */ = {isa = PBXFileReference; lastKnownFileType = sourcecode.swift; path = ViewController.swift; sourceTree = "<group>"; };
		60450C6B24735C5400DFF6EB /* Base */ = {isa = PBXFileReference; lastKnownFileType = file.storyboard; name = Base; path = Base.lproj/Main.storyboard; sourceTree = "<group>"; };
		60450C6D24735C5800DFF6EB /* Assets.xcassets */ = {isa = PBXFileReference; lastKnownFileType = folder.assetcatalog; path = Assets.xcassets; sourceTree = "<group>"; };
		60450C7024735C5800DFF6EB /* Base */ = {isa = PBXFileReference; lastKnownFileType = file.storyboard; name = Base; path = Base.lproj/LaunchScreen.storyboard; sourceTree = "<group>"; };
		60450C7224735C5800DFF6EB /* Info.plist */ = {isa = PBXFileReference; lastKnownFileType = text.plist.xml; path = Info.plist; sourceTree = "<group>"; };
		60450C7E24735D2100DFF6EB /* ConversationsController.swift */ = {isa = PBXFileReference; lastKnownFileType = sourcecode.swift; path = ConversationsController.swift; sourceTree = "<group>"; };
		60450C81247366D600DFF6EB /* LoginController.swift */ = {isa = PBXFileReference; lastKnownFileType = sourcecode.swift; path = LoginController.swift; sourceTree = "<group>"; };
		60450C83247366E400DFF6EB /* RegistrationController.swift */ = {isa = PBXFileReference; lastKnownFileType = sourcecode.swift; path = RegistrationController.swift; sourceTree = "<group>"; };
		60450C852474891400DFF6EB /* Extensions.swift */ = {isa = PBXFileReference; lastKnownFileType = sourcecode.swift; path = Extensions.swift; sourceTree = "<group>"; };
		60450C87247CA41700DFF6EB /* InputContainerView.swift */ = {isa = PBXFileReference; lastKnownFileType = sourcecode.swift; path = InputContainerView.swift; sourceTree = "<group>"; };
		60450C89247CA73400DFF6EB /* CustomTextField.swift */ = {isa = PBXFileReference; lastKnownFileType = sourcecode.swift; path = CustomTextField.swift; sourceTree = "<group>"; };
		6079DD652485D70D0001AD0D /* LoginViewModel.swift */ = {isa = PBXFileReference; lastKnownFileType = sourcecode.swift; path = LoginViewModel.swift; sourceTree = "<group>"; };
		6079DD672485E47F0001AD0D /* RegistrationViewModel.swift */ = {isa = PBXFileReference; lastKnownFileType = sourcecode.swift; path = RegistrationViewModel.swift; sourceTree = "<group>"; };
		6079DD6924871F340001AD0D /* GoogleService-Info.plist */ = {isa = PBXFileReference; lastKnownFileType = text.plist; path = "GoogleService-Info.plist"; sourceTree = SOURCE_ROOT; };
		60C40AE624F8864500DACCD8 /* AuthService.swift */ = {isa = PBXFileReference; lastKnownFileType = sourcecode.swift; path = AuthService.swift; sourceTree = "<group>"; };
		60C40AE824F93EBB00DACCD8 /* NewMessageController.swift */ = {isa = PBXFileReference; lastKnownFileType = sourcecode.swift; path = NewMessageController.swift; sourceTree = "<group>"; };
		60C40AEA24F9441000DACCD8 /* UserCell.swift */ = {isa = PBXFileReference; lastKnownFileType = sourcecode.swift; path = UserCell.swift; sourceTree = "<group>"; };
		60C40AEC24F94AD800DACCD8 /* User.swift */ = {isa = PBXFileReference; lastKnownFileType = sourcecode.swift; path = User.swift; sourceTree = "<group>"; };
		60C40AEE24F94B8500DACCD8 /* Service.swift */ = {isa = PBXFileReference; lastKnownFileType = sourcecode.swift; path = Service.swift; sourceTree = "<group>"; };
		60C40AF024F9766F00DACCD8 /* ChatController.swift */ = {isa = PBXFileReference; lastKnownFileType = sourcecode.swift; path = ChatController.swift; sourceTree = "<group>"; };
		60C40AF224F97C7C00DACCD8 /* CustomInputAccessoryView.swift */ = {isa = PBXFileReference; lastKnownFileType = sourcecode.swift; path = CustomInputAccessoryView.swift; sourceTree = "<group>"; };
		60C40AF424F98D3500DACCD8 /* MessageCell.swift */ = {isa = PBXFileReference; lastKnownFileType = sourcecode.swift; path = MessageCell.swift; sourceTree = "<group>"; };
		60C40AF624F995BB00DACCD8 /* Message.swift */ = {isa = PBXFileReference; lastKnownFileType = sourcecode.swift; path = Message.swift; sourceTree = "<group>"; };
		60C40AF824F999CE00DACCD8 /* MessageViewModel.swift */ = {isa = PBXFileReference; lastKnownFileType = sourcecode.swift; path = MessageViewModel.swift; sourceTree = "<group>"; };
		77C19927EE9EB43E32EB9546 /* Pods_FireChat.framework */ = {isa = PBXFileReference; explicitFileType = wrapper.framework; includeInIndex = 0; path = Pods_FireChat.framework; sourceTree = BUILT_PRODUCTS_DIR; };
		B42A43A97D3BEE5E54B0ABA6 /* Pods-FireChat.debug.xcconfig */ = {isa = PBXFileReference; includeInIndex = 1; lastKnownFileType = text.xcconfig; name = "Pods-FireChat.debug.xcconfig"; path = "Target Support Files/Pods-FireChat/Pods-FireChat.debug.xcconfig"; sourceTree = "<group>"; };
/* End PBXFileReference section */

/* Begin PBXFrameworksBuildPhase section */
		60450C5E24735C5400DFF6EB /* Frameworks */ = {
			isa = PBXFrameworksBuildPhase;
			buildActionMask = 2147483647;
			files = (
				400F9B7F65BA056B7C4DD018 /* Pods_FireChat.framework in Frameworks */,
			);
			runOnlyForDeploymentPostprocessing = 0;
		};
/* End PBXFrameworksBuildPhase section */

/* Begin PBXGroup section */
		01D51DF7ABCA73804F114C19 /* Pods */ = {
			isa = PBXGroup;
			children = (
				B42A43A97D3BEE5E54B0ABA6 /* Pods-FireChat.debug.xcconfig */,
				57C5AE1AAE90DA00A59F2A38 /* Pods-FireChat.release.xcconfig */,
			);
			path = Pods;
			sourceTree = "<group>";
		};
		60450C5824735C5400DFF6EB = {
			isa = PBXGroup;
			children = (
				60450C6324735C5400DFF6EB /* FireChat */,
				60450C6224735C5400DFF6EB /* Products */,
				01D51DF7ABCA73804F114C19 /* Pods */,
				E3958A59DB948C00F1926196 /* Frameworks */,
			);
			sourceTree = "<group>";
		};
		60450C6224735C5400DFF6EB /* Products */ = {
			isa = PBXGroup;
			children = (
				60450C6124735C5400DFF6EB /* FireChat.app */,
			);
			name = Products;
			sourceTree = "<group>";
		};
		60450C6324735C5400DFF6EB /* FireChat */ = {
			isa = PBXGroup;
			children = (
				60450C7D24735CEB00DFF6EB /* Utils */,
				60450C7C24735CE300DFF6EB /* Controller */,
				60450C7B24735CDA00DFF6EB /* API */,
				60450C7A24735CD300DFF6EB /* ViewModel */,
				60450C7924735CCC00DFF6EB /* View */,
				60450C7824735CC400DFF6EB /* Model */,
				60450C6424735C5400DFF6EB /* AppDelegate.swift */,
				60450C6624735C5400DFF6EB /* SceneDelegate.swift */,
				60450C6824735C5400DFF6EB /* ViewController.swift */,
				60450C6A24735C5400DFF6EB /* Main.storyboard */,
				60450C6D24735C5800DFF6EB /* Assets.xcassets */,
				60450C6F24735C5800DFF6EB /* LaunchScreen.storyboard */,
				6079DD6924871F340001AD0D /* GoogleService-Info.plist */,
				60450C7224735C5800DFF6EB /* Info.plist */,
			);
			path = FireChat;
			sourceTree = "<group>";
		};
		60450C7824735CC400DFF6EB /* Model */ = {
			isa = PBXGroup;
			children = (
				60C40AEC24F94AD800DACCD8 /* User.swift */,
				60C40AF624F995BB00DACCD8 /* Message.swift */,
			);
			path = Model;
			sourceTree = "<group>";
		};
		60450C7924735CCC00DFF6EB /* View */ = {
			isa = PBXGroup;
			children = (
				60450C87247CA41700DFF6EB /* InputContainerView.swift */,
				60450C89247CA73400DFF6EB /* CustomTextField.swift */,
				60C40AEA24F9441000DACCD8 /* UserCell.swift */,
				60C40AF224F97C7C00DACCD8 /* CustomInputAccessoryView.swift */,
				60C40AF424F98D3500DACCD8 /* MessageCell.swift */,
				601AF06E25102A1900E7BB84 /* ConversationCell.swift */,
			);
			path = View;
			sourceTree = "<group>";
		};
		60450C7A24735CD300DFF6EB /* ViewModel */ = {
			isa = PBXGroup;
			children = (
				6079DD652485D70D0001AD0D /* LoginViewModel.swift */,
				6079DD672485E47F0001AD0D /* RegistrationViewModel.swift */,
				60C40AF824F999CE00DACCD8 /* MessageViewModel.swift */,
			);
			path = ViewModel;
			sourceTree = "<group>";
		};
		60450C7B24735CDA00DFF6EB /* API */ = {
			isa = PBXGroup;
			children = (
				60C40AE624F8864500DACCD8 /* AuthService.swift */,
				60C40AEE24F94B8500DACCD8 /* Service.swift */,
			);
			path = API;
			sourceTree = "<group>";
		};
		60450C7C24735CE300DFF6EB /* Controller */ = {
			isa = PBXGroup;
			children = (
				60450C80247366B300DFF6EB /* Authentication */,
				60450C7E24735D2100DFF6EB /* ConversationsController.swift */,
				60C40AE824F93EBB00DACCD8 /* NewMessageController.swift */,
				60C40AF024F9766F00DACCD8 /* ChatController.swift */,
			);
			path = Controller;
			sourceTree = "<group>";
		};
		60450C7D24735CEB00DFF6EB /* Utils */ = {
			isa = PBXGroup;
			children = (
				60450C852474891400DFF6EB /* Extensions.swift */,
				601AF06C250FEE0400E7BB84 /* Constants.swift */,
			);
			path = Utils;
			sourceTree = "<group>";
		};
		60450C80247366B300DFF6EB /* Authentication */ = {
			isa = PBXGroup;
			children = (
				60450C81247366D600DFF6EB /* LoginController.swift */,
				60450C83247366E400DFF6EB /* RegistrationController.swift */,
			);
			path = Authentication;
			sourceTree = "<group>";
		};
		E3958A59DB948C00F1926196 /* Frameworks */ = {
			isa = PBXGroup;
			children = (
				77C19927EE9EB43E32EB9546 /* Pods_FireChat.framework */,
			);
			name = Frameworks;
			sourceTree = "<group>";
		};
/* End PBXGroup section */

/* Begin PBXNativeTarget section */
		60450C6024735C5400DFF6EB /* FireChat */ = {
			isa = PBXNativeTarget;
			buildConfigurationList = 60450C7524735C5800DFF6EB /* Build configuration list for PBXNativeTarget "FireChat" */;
			buildPhases = (
				D6F43898E46A8CAD9134064C /* [CP] Check Pods Manifest.lock */,
				60450C5D24735C5400DFF6EB /* Sources */,
				60450C5E24735C5400DFF6EB /* Frameworks */,
				60450C5F24735C5400DFF6EB /* Resources */,
				1316FBD5EE25F805308F5857 /* [CP] Embed Pods Frameworks */,
			);
			buildRules = (
			);
			dependencies = (
			);
			name = FireChat;
			productName = FireChat;
			productReference = 60450C6124735C5400DFF6EB /* FireChat.app */;
			productType = "com.apple.product-type.application";
		};
/* End PBXNativeTarget section */

/* Begin PBXProject section */
		60450C5924735C5400DFF6EB /* Project object */ = {
			isa = PBXProject;
			attributes = {
				LastSwiftUpdateCheck = 1140;
				LastUpgradeCheck = 1140;
				ORGANIZATIONNAME = "Mateus Sales";
				TargetAttributes = {
					60450C6024735C5400DFF6EB = {
						CreatedOnToolsVersion = 11.4.1;
					};
				};
			};
			buildConfigurationList = 60450C5C24735C5400DFF6EB /* Build configuration list for PBXProject "FireChat" */;
			compatibilityVersion = "Xcode 9.3";
			developmentRegion = en;
			hasScannedForEncodings = 0;
			knownRegions = (
				en,
				Base,
			);
			mainGroup = 60450C5824735C5400DFF6EB;
			productRefGroup = 60450C6224735C5400DFF6EB /* Products */;
			projectDirPath = "";
			projectRoot = "";
			targets = (
				60450C6024735C5400DFF6EB /* FireChat */,
			);
		};
/* End PBXProject section */

/* Begin PBXResourcesBuildPhase section */
		60450C5F24735C5400DFF6EB /* Resources */ = {
			isa = PBXResourcesBuildPhase;
			buildActionMask = 2147483647;
			files = (
				60450C7124735C5800DFF6EB /* LaunchScreen.storyboard in Resources */,
				6079DD6A24871F340001AD0D /* GoogleService-Info.plist in Resources */,
				60450C6E24735C5800DFF6EB /* Assets.xcassets in Resources */,
				60450C6C24735C5400DFF6EB /* Main.storyboard in Resources */,
			);
			runOnlyForDeploymentPostprocessing = 0;
		};
/* End PBXResourcesBuildPhase section */

/* Begin PBXShellScriptBuildPhase section */
		1316FBD5EE25F805308F5857 /* [CP] Embed Pods Frameworks */ = {
			isa = PBXShellScriptBuildPhase;
			buildActionMask = 2147483647;
			files = (
			);
			inputFileListPaths = (
				"${PODS_ROOT}/Target Support Files/Pods-FireChat/Pods-FireChat-frameworks-${CONFIGURATION}-input-files.xcfilelist",
			);
			name = "[CP] Embed Pods Frameworks";
			outputFileListPaths = (
				"${PODS_ROOT}/Target Support Files/Pods-FireChat/Pods-FireChat-frameworks-${CONFIGURATION}-output-files.xcfilelist",
			);
			runOnlyForDeploymentPostprocessing = 0;
			shellPath = /bin/sh;
			shellScript = "\"${PODS_ROOT}/Target Support Files/Pods-FireChat/Pods-FireChat-frameworks.sh\"\n";
			showEnvVarsInLog = 0;
		};
		D6F43898E46A8CAD9134064C /* [CP] Check Pods Manifest.lock */ = {
			isa = PBXShellScriptBuildPhase;
			buildActionMask = 2147483647;
			files = (
			);
			inputFileListPaths = (
			);
			inputPaths = (
				"${PODS_PODFILE_DIR_PATH}/Podfile.lock",
				"${PODS_ROOT}/Manifest.lock",
			);
			name = "[CP] Check Pods Manifest.lock";
			outputFileListPaths = (
			);
			outputPaths = (
				"$(DERIVED_FILE_DIR)/Pods-FireChat-checkManifestLockResult.txt",
			);
			runOnlyForDeploymentPostprocessing = 0;
			shellPath = /bin/sh;
			shellScript = "diff \"${PODS_PODFILE_DIR_PATH}/Podfile.lock\" \"${PODS_ROOT}/Manifest.lock\" > /dev/null\nif [ $? != 0 ] ; then\n    # print error to STDERR\n    echo \"error: The sandbox is not in sync with the Podfile.lock. Run 'pod install' or update your CocoaPods installation.\" >&2\n    exit 1\nfi\n# This output is used by Xcode 'outputs' to avoid re-running this script phase.\necho \"SUCCESS\" > \"${SCRIPT_OUTPUT_FILE_0}\"\n";
			showEnvVarsInLog = 0;
		};
/* End PBXShellScriptBuildPhase section */

/* Begin PBXSourcesBuildPhase section */
		60450C5D24735C5400DFF6EB /* Sources */ = {
			isa = PBXSourcesBuildPhase;
			buildActionMask = 2147483647;
			files = (
				60450C6924735C5400DFF6EB /* ViewController.swift in Sources */,
				601AF06D250FEE0400E7BB84 /* Constants.swift in Sources */,
				6079DD682485E47F0001AD0D /* RegistrationViewModel.swift in Sources */,
				60450C88247CA41700DFF6EB /* InputContainerView.swift in Sources */,
				60C40AE724F8864500DACCD8 /* AuthService.swift in Sources */,
				60C40AF924F999CE00DACCD8 /* MessageViewModel.swift in Sources */,
				60450C6524735C5400DFF6EB /* AppDelegate.swift in Sources */,
				60450C7F24735D2100DFF6EB /* ConversationsController.swift in Sources */,
				60C40AEB24F9441000DACCD8 /* UserCell.swift in Sources */,
				60450C6724735C5400DFF6EB /* SceneDelegate.swift in Sources */,
				60C40AED24F94AD800DACCD8 /* User.swift in Sources */,
				60C40AEF24F94B8500DACCD8 /* Service.swift in Sources */,
				60C40AF524F98D3500DACCD8 /* MessageCell.swift in Sources */,
				60450C84247366E400DFF6EB /* RegistrationController.swift in Sources */,
				60450C82247366D600DFF6EB /* LoginController.swift in Sources */,
				60450C862474891400DFF6EB /* Extensions.swift in Sources */,
				6079DD662485D70D0001AD0D /* LoginViewModel.swift in Sources */,
				60C40AF124F9766F00DACCD8 /* ChatController.swift in Sources */,
				60450C8A247CA73400DFF6EB /* CustomTextField.swift in Sources */,
				601AF06F25102A1900E7BB84 /* ConversationCell.swift in Sources */,
				60C40AF724F995BB00DACCD8 /* Message.swift in Sources */,
				60C40AE924F93EBB00DACCD8 /* NewMessageController.swift in Sources */,
				60C40AF324F97C7C00DACCD8 /* CustomInputAccessoryView.swift in Sources */,
			);
			runOnlyForDeploymentPostprocessing = 0;
		};
/* End PBXSourcesBuildPhase section */

/* Begin PBXVariantGroup section */
		60450C6A24735C5400DFF6EB /* Main.storyboard */ = {
			isa = PBXVariantGroup;
			children = (
				60450C6B24735C5400DFF6EB /* Base */,
			);
			name = Main.storyboard;
			sourceTree = "<group>";
		};
		60450C6F24735C5800DFF6EB /* LaunchScreen.storyboard */ = {
			isa = PBXVariantGroup;
			children = (
				60450C7024735C5800DFF6EB /* Base */,
			);
			name = LaunchScreen.storyboard;
			sourceTree = "<group>";
		};
/* End PBXVariantGroup section */

/* Begin XCBuildConfiguration section */
		60450C7324735C5800DFF6EB /* Debug */ = {
			isa = XCBuildConfiguration;
			buildSettings = {
				ALWAYS_SEARCH_USER_PATHS = NO;
				CLANG_ANALYZER_NONNULL = YES;
				CLANG_ANALYZER_NUMBER_OBJECT_CONVERSION = YES_AGGRESSIVE;
				CLANG_CXX_LANGUAGE_STANDARD = "gnu++14";
				CLANG_CXX_LIBRARY = "libc++";
				CLANG_ENABLE_MODULES = YES;
				CLANG_ENABLE_OBJC_ARC = YES;
				CLANG_ENABLE_OBJC_WEAK = YES;
				CLANG_WARN_BLOCK_CAPTURE_AUTORELEASING = YES;
				CLANG_WARN_BOOL_CONVERSION = YES;
				CLANG_WARN_COMMA = YES;
				CLANG_WARN_CONSTANT_CONVERSION = YES;
				CLANG_WARN_DEPRECATED_OBJC_IMPLEMENTATIONS = YES;
				CLANG_WARN_DIRECT_OBJC_ISA_USAGE = YES_ERROR;
				CLANG_WARN_DOCUMENTATION_COMMENTS = YES;
				CLANG_WARN_EMPTY_BODY = YES;
				CLANG_WARN_ENUM_CONVERSION = YES;
				CLANG_WARN_INFINITE_RECURSION = YES;
				CLANG_WARN_INT_CONVERSION = YES;
				CLANG_WARN_NON_LITERAL_NULL_CONVERSION = YES;
				CLANG_WARN_OBJC_IMPLICIT_RETAIN_SELF = YES;
				CLANG_WARN_OBJC_LITERAL_CONVERSION = YES;
				CLANG_WARN_OBJC_ROOT_CLASS = YES_ERROR;
				CLANG_WARN_RANGE_LOOP_ANALYSIS = YES;
				CLANG_WARN_STRICT_PROTOTYPES = YES;
				CLANG_WARN_SUSPICIOUS_MOVE = YES;
				CLANG_WARN_UNGUARDED_AVAILABILITY = YES_AGGRESSIVE;
				CLANG_WARN_UNREACHABLE_CODE = YES;
				CLANG_WARN__DUPLICATE_METHOD_MATCH = YES;
				COPY_PHASE_STRIP = NO;
				DEBUG_INFORMATION_FORMAT = dwarf;
				ENABLE_STRICT_OBJC_MSGSEND = YES;
				ENABLE_TESTABILITY = YES;
				GCC_C_LANGUAGE_STANDARD = gnu11;
				GCC_DYNAMIC_NO_PIC = NO;
				GCC_NO_COMMON_BLOCKS = YES;
				GCC_OPTIMIZATION_LEVEL = 0;
				GCC_PREPROCESSOR_DEFINITIONS = (
					"DEBUG=1",
					"$(inherited)",
				);
				GCC_WARN_64_TO_32_BIT_CONVERSION = YES;
				GCC_WARN_ABOUT_RETURN_TYPE = YES_ERROR;
				GCC_WARN_UNDECLARED_SELECTOR = YES;
				GCC_WARN_UNINITIALIZED_AUTOS = YES_AGGRESSIVE;
				GCC_WARN_UNUSED_FUNCTION = YES;
				GCC_WARN_UNUSED_VARIABLE = YES;
				IPHONEOS_DEPLOYMENT_TARGET = 13.4;
				MTL_ENABLE_DEBUG_INFO = INCLUDE_SOURCE;
				MTL_FAST_MATH = YES;
				ONLY_ACTIVE_ARCH = YES;
				SDKROOT = iphoneos;
				SWIFT_ACTIVE_COMPILATION_CONDITIONS = DEBUG;
				SWIFT_OPTIMIZATION_LEVEL = "-Onone";
			};
			name = Debug;
		};
		60450C7424735C5800DFF6EB /* Release */ = {
			isa = XCBuildConfiguration;
			buildSettings = {
				ALWAYS_SEARCH_USER_PATHS = NO;
				CLANG_ANALYZER_NONNULL = YES;
				CLANG_ANALYZER_NUMBER_OBJECT_CONVERSION = YES_AGGRESSIVE;
				CLANG_CXX_LANGUAGE_STANDARD = "gnu++14";
				CLANG_CXX_LIBRARY = "libc++";
				CLANG_ENABLE_MODULES = YES;
				CLANG_ENABLE_OBJC_ARC = YES;
				CLANG_ENABLE_OBJC_WEAK = YES;
				CLANG_WARN_BLOCK_CAPTURE_AUTORELEASING = YES;
				CLANG_WARN_BOOL_CONVERSION = YES;
				CLANG_WARN_COMMA = YES;
				CLANG_WARN_CONSTANT_CONVERSION = YES;
				CLANG_WARN_DEPRECATED_OBJC_IMPLEMENTATIONS = YES;
				CLANG_WARN_DIRECT_OBJC_ISA_USAGE = YES_ERROR;
				CLANG_WARN_DOCUMENTATION_COMMENTS = YES;
				CLANG_WARN_EMPTY_BODY = YES;
				CLANG_WARN_ENUM_CONVERSION = YES;
				CLANG_WARN_INFINITE_RECURSION = YES;
				CLANG_WARN_INT_CONVERSION = YES;
				CLANG_WARN_NON_LITERAL_NULL_CONVERSION = YES;
				CLANG_WARN_OBJC_IMPLICIT_RETAIN_SELF = YES;
				CLANG_WARN_OBJC_LITERAL_CONVERSION = YES;
				CLANG_WARN_OBJC_ROOT_CLASS = YES_ERROR;
				CLANG_WARN_RANGE_LOOP_ANALYSIS = YES;
				CLANG_WARN_STRICT_PROTOTYPES = YES;
				CLANG_WARN_SUSPICIOUS_MOVE = YES;
				CLANG_WARN_UNGUARDED_AVAILABILITY = YES_AGGRESSIVE;
				CLANG_WARN_UNREACHABLE_CODE = YES;
				CLANG_WARN__DUPLICATE_METHOD_MATCH = YES;
				COPY_PHASE_STRIP = NO;
				DEBUG_INFORMATION_FORMAT = "dwarf-with-dsym";
				ENABLE_NS_ASSERTIONS = NO;
				ENABLE_STRICT_OBJC_MSGSEND = YES;
				GCC_C_LANGUAGE_STANDARD = gnu11;
				GCC_NO_COMMON_BLOCKS = YES;
				GCC_WARN_64_TO_32_BIT_CONVERSION = YES;
				GCC_WARN_ABOUT_RETURN_TYPE = YES_ERROR;
				GCC_WARN_UNDECLARED_SELECTOR = YES;
				GCC_WARN_UNINITIALIZED_AUTOS = YES_AGGRESSIVE;
				GCC_WARN_UNUSED_FUNCTION = YES;
				GCC_WARN_UNUSED_VARIABLE = YES;
				IPHONEOS_DEPLOYMENT_TARGET = 13.4;
				MTL_ENABLE_DEBUG_INFO = NO;
				MTL_FAST_MATH = YES;
				SDKROOT = iphoneos;
				SWIFT_COMPILATION_MODE = wholemodule;
				SWIFT_OPTIMIZATION_LEVEL = "-O";
				VALIDATE_PRODUCT = YES;
			};
			name = Release;
		};
		60450C7624735C5800DFF6EB /* Debug */ = {
			isa = XCBuildConfiguration;
			baseConfigurationReference = B42A43A97D3BEE5E54B0ABA6 /* Pods-FireChat.debug.xcconfig */;
			buildSettings = {
				ASSETCATALOG_COMPILER_APPICON_NAME = AppIcon;
				CODE_SIGN_STYLE = Automatic;
				DEVELOPMENT_TEAM = 4Q9SUUL4ZR;
				INFOPLIST_FILE = FireChat/Info.plist;
				LD_RUNPATH_SEARCH_PATHS = (
					"$(inherited)",
					"@executable_path/Frameworks",
				);
				PRODUCT_BUNDLE_IDENTIFIER = com.mateussales.FireChat;
				PRODUCT_NAME = "$(TARGET_NAME)";
				SUPPORTED_PLATFORMS = "iphonesimulator iphoneos";
				SWIFT_VERSION = 5.0;
				TARGETED_DEVICE_FAMILY = "1,2";
			};
			name = Debug;
		};
		60450C7724735C5800DFF6EB /* Release */ = {
			isa = XCBuildConfiguration;
			baseConfigurationReference = 57C5AE1AAE90DA00A59F2A38 /* Pods-FireChat.release.xcconfig */;
			buildSettings = {
				ASSETCATALOG_COMPILER_APPICON_NAME = AppIcon;
				CODE_SIGN_STYLE = Automatic;
				DEVELOPMENT_TEAM = 4Q9SUUL4ZR;
				INFOPLIST_FILE = FireChat/Info.plist;
				LD_RUNPATH_SEARCH_PATHS = (
					"$(inherited)",
					"@executable_path/Frameworks",
				);
				PRODUCT_BUNDLE_IDENTIFIER = com.mateussales.FireChat;
				PRODUCT_NAME = "$(TARGET_NAME)";
				SUPPORTED_PLATFORMS = "iphonesimulator iphoneos";
				SWIFT_VERSION = 5.0;
				TARGETED_DEVICE_FAMILY = "1,2";
			};
			name = Release;
		};
/* End XCBuildConfiguration section */

/* Begin XCConfigurationList section */
		60450C5C24735C5400DFF6EB /* Build configuration list for PBXProject "FireChat" */ = {
			isa = XCConfigurationList;
			buildConfigurations = (
				60450C7324735C5800DFF6EB /* Debug */,
				60450C7424735C5800DFF6EB /* Release */,
			);
			defaultConfigurationIsVisible = 0;
			defaultConfigurationName = Release;
		};
		60450C7524735C5800DFF6EB /* Build configuration list for PBXNativeTarget "FireChat" */ = {
			isa = XCConfigurationList;
			buildConfigurations = (
				60450C7624735C5800DFF6EB /* Debug */,
				60450C7724735C5800DFF6EB /* Release */,
			);
			defaultConfigurationIsVisible = 0;
			defaultConfigurationName = Release;
		};
/* End XCConfigurationList section */
	};
	rootObject = 60450C5924735C5400DFF6EB /* Project object */;
}
