// !$*UTF8*$!
{
	archiveVersion = 1;
	classes = {
	};
	objectVersion = 50;
	objects = {

/* Begin PBXBuildFile section */
		60450C6524735C5400DFF6EB /* AppDelegate.swift in Sources */ = {isa = PBXBuildFile; fileRef = 60450C6424735C5400DFF6EB /* AppDelegate.swift */; };
		60450C6724735C5400DFF6EB /* SceneDelegate.swift in Sources */ = {isa = PBXBuildFile; fileRef = 60450C6624735C5400DFF6EB /* SceneDelegate.swift */; };
		60450C6924735C5400DFF6EB /* ViewController.swift in Sources */ = {isa = PBXBuildFile; fileRef = 60450C6824735C5400DFF6EB /* ViewController.swift */; };
		60450C6C24735C5400DFF6EB /* Main.storyboard in Resources */ = {isa = PBXBuildFile; fileRef = 60450C6A24735C5400DFF6EB /* Main.storyboard */; };
		60450C6E24735C5800DFF6EB /* Assets.xcassets in Resources */ = {isa = PBXBuildFile; fileRef = 60450C6D24735C5800DFF6EB /* Assets.xcassets */; };
		60450C7124735C5800DFF6EB /* LaunchScreen.storyboard in Resources */ = {isa = PBXBuildFile; fileRef = 60450C6F24735C5800DFF6EB /* LaunchScreen.storyboard */; };
		60450C7F24735D2100DFF6EB /* ConversationsController.swift in Sources */ = {isa = PBXBuildFile; fileRef = 60450C7E24735D2100DFF6EB /* ConversationsController.swift */; };
		60450C82247366D600DFF6EB /* LoginController.swift in Sources */ = {isa = PBXBuildFile; fileRef = 60450C81247366D600DFF6EB /* LoginController.swift */; };
		60450C84247366E400DFF6EB /* RegistrationController.swift in Sources */ = {isa = PBXBuildFile; fileRef = 60450C83247366E400DFF6EB /* RegistrationController.swift */; };
/* End PBXBuildFile section */

/* Begin PBXFileReference section */
		60450C6124735C5400DFF6EB /* FireChat.app */ = {isa = PBXFileReference; explicitFileType = wrapper.application; includeInIndex = 0; path = FireChat.app; sourceTree = BUILT_PRODUCTS_DIR; };
		60450C6424735C5400DFF6EB /* AppDelegate.swift */ = {isa = PBXFileReference; lastKnownFileType = sourcecode.swift; path = AppDelegate.swift; sourceTree = "<group>"; };
		60450C6624735C5400DFF6EB /* SceneDelegate.swift */ = {isa = PBXFileReference; lastKnownFileType = sourcecode.swift; path = SceneDelegate.swift; sourceTree = "<group>"; };
		60450C6824735C5400DFF6EB /* ViewController.swift */ = {isa = PBXFileReference; lastKnownFileType = sourcecode.swift; path = ViewController.swift; sourceTree = "<group>"; };
		60450C6B24735C5400DFF6EB /* Base */ = {isa = PBXFileReference; lastKnownFileType = file.storyboard; name = Base; path = Base.lproj/Main.storyboard; sourceTree = "<group>"; };
		60450C6D24735C5800DFF6EB /* Assets.xcassets */ = {isa = PBXFileReference; lastKnownFileType = folder.assetcatalog; path = Assets.xcassets; sourceTree = "<group>"; };
		60450C7024735C5800DFF6EB /* Base */ = {isa = PBXFileReference; lastKnownFileType = file.storyboard; name = Base; path = Base.lproj/LaunchScreen.storyboard; sourceTree = "<group>"; };
		60450C7224735C5800DFF6EB /* Info.plist */ = {isa = PBXFileReference; lastKnownFileType = text.plist.xml; path = Info.plist; sourceTree = "<group>"; };
		60450C7E24735D2100DFF6EB /* ConversationsController.swift */ = {isa = PBXFileReference; lastKnownFileType = sourcecode.swift; path = ConversationsController.swift; sourceTree = "<group>"; };
		60450C81247366D600DFF6EB /* LoginController.swift */ = {isa = PBXFileReference; lastKnownFileType = sourcecode.swift; path = LoginController.swift; sourceTree = "<group>"; };
		60450C83247366E400DFF6EB /* RegistrationController.swift */ = {isa = PBXFileReference; lastKnownFileType = sourcecode.swift; path = RegistrationController.swift; sourceTree = "<group>"; };
/* End PBXFileReference section */

/* Begin PBXFrameworksBuildPhase section */
		60450C5E24735C5400DFF6EB /* Frameworks */ = {
			isa = PBXFrameworksBuildPhase;
			buildActionMask = 2147483647;
			files = (
			);
			runOnlyForDeploymentPostprocessing = 0;
		};
/* End PBXFrameworksBuildPhase section */

/* Begin PBXGroup section */
		60450C5824735C5400DFF6EB = {
			isa = PBXGroup;
			children = (
				60450C6324735C5400DFF6EB /* FireChat */,
				60450C6224735C5400DFF6EB /* Products */,
			);
			sourceTree = "<group>";
		};
		60450C6224735C5400DFF6EB /* Products */ = {
			isa = PBXGroup;
			children = (
				60450C6124735C5400DFF6EB /* FireChat.app */,
			);
			name = Products;
			sourceTree = "<group>";
		};
		60450C6324735C5400DFF6EB /* FireChat */ = {
			isa = PBXGroup;
			children = (
				60450C7D24735CEB00DFF6EB /* Utils */,
				60450C7C24735CE300DFF6EB /* Controller */,
				60450C7B24735CDA00DFF6EB /* API */,
				60450C7A24735CD300DFF6EB /* ViewModel */,
				60450C7924735CCC00DFF6EB /* View */,
				60450C7824735CC400DFF6EB /* Model */,
				60450C6424735C5400DFF6EB /* AppDelegate.swift */,
				60450C6624735C5400DFF6EB /* SceneDelegate.swift */,
				60450C6824735C5400DFF6EB /* ViewController.swift */,
				60450C6A24735C5400DFF6EB /* Main.storyboard */,
				60450C6D24735C5800DFF6EB /* Assets.xcassets */,
				60450C6F24735C5800DFF6EB /* LaunchScreen.storyboard */,
				60450C7224735C5800DFF6EB /* Info.plist */,
			);
			path = FireChat;
			sourceTree = "<group>";
		};
		60450C7824735CC400DFF6EB /* Model */ = {
			isa = PBXGroup;
			children = (
			);
			path = Model;
			sourceTree = "<group>";
		};
		60450C7924735CCC00DFF6EB /* View */ = {
			isa = PBXGroup;
			children = (
			);
			path = View;
			sourceTree = "<group>";
		};
		60450C7A24735CD300DFF6EB /* ViewModel */ = {
			isa = PBXGroup;
			children = (
			);
			path = ViewModel;
			sourceTree = "<group>";
		};
		60450C7B24735CDA00DFF6EB /* API */ = {
			isa = PBXGroup;
			children = (
			);
			path = API;
			sourceTree = "<group>";
		};
		60450C7C24735CE300DFF6EB /* Controller */ = {
			isa = PBXGroup;
			children = (
				60450C80247366B300DFF6EB /* Authentication */,
				60450C7E24735D2100DFF6EB /* ConversationsController.swift */,
			);
			path = Controller;
			sourceTree = "<group>";
		};
		60450C7D24735CEB00DFF6EB /* Utils */ = {
			isa = PBXGroup;
			children = (
			);
			path = Utils;
			sourceTree = "<group>";
		};
		60450C80247366B300DFF6EB /* Authentication */ = {
			isa = PBXGroup;
			children = (
				60450C81247366D600DFF6EB /* LoginController.swift */,
				60450C83247366E400DFF6EB /* RegistrationController.swift */,
			);
			path = Authentication;
			sourceTree = "<group>";
		};
/* End PBXGroup section */

/* Begin PBXNativeTarget section */
		60450C6024735C5400DFF6EB /* FireChat */ = {
			isa = PBXNativeTarget;
			buildConfigurationList = 60450C7524735C5800DFF6EB /* Build configuration list for PBXNativeTarget "FireChat" */;
			buildPhases = (
				60450C5D24735C5400DFF6EB /* Sources */,
				60450C5E24735C5400DFF6EB /* Frameworks */,
				60450C5F24735C5400DFF6EB /* Resources */,
			);
			buildRules = (
			);
			dependencies = (
			);
			name = FireChat;
			productName = FireChat;
			productReference = 60450C6124735C5400DFF6EB /* FireChat.app */;
			productType = "com.apple.product-type.application";
		};
/* End PBXNativeTarget section */

/* Begin PBXProject section */
		60450C5924735C5400DFF6EB /* Project object */ = {
			isa = PBXProject;
			attributes = {
				LastSwiftUpdateCheck = 1140;
				LastUpgradeCheck = 1140;
				ORGANIZATIONNAME = "Mateus Sales";
				TargetAttributes = {
					60450C6024735C5400DFF6EB = {
						CreatedOnToolsVersion = 11.4.1;
					};
				};
			};
			buildConfigurationList = 60450C5C24735C5400DFF6EB /* Build configuration list for PBXProject "FireChat" */;
			compatibilityVersion = "Xcode 9.3";
			developmentRegion = en;
			hasScannedForEncodings = 0;
			knownRegions = (
				en,
				Base,
			);
			mainGroup = 60450C5824735C5400DFF6EB;
			productRefGroup = 60450C6224735C5400DFF6EB /* Products */;
			projectDirPath = "";
			projectRoot = "";
			targets = (
				60450C6024735C5400DFF6EB /* FireChat */,
			);
		};
/* End PBXProject section */

/* Begin PBXResourcesBuildPhase section */
		60450C5F24735C5400DFF6EB /* Resources */ = {
			isa = PBXResourcesBuildPhase;
			buildActionMask = 2147483647;
			files = (
				60450C7124735C5800DFF6EB /* LaunchScreen.storyboard in Resources */,
				60450C6E24735C5800DFF6EB /* Assets.xcassets in Resources */,
				60450C6C24735C5400DFF6EB /* Main.storyboard in Resources */,
			);
			runOnlyForDeploymentPostprocessing = 0;
		};
/* End PBXResourcesBuildPhase section */

/* Begin PBXSourcesBuildPhase section */
		60450C5D24735C5400DFF6EB /* Sources */ = {
			isa = PBXSourcesBuildPhase;
			buildActionMask = 2147483647;
			files = (
				60450C6924735C5400DFF6EB /* ViewController.swift in Sources */,
				60450C6524735C5400DFF6EB /* AppDelegate.swift in Sources */,
				60450C7F24735D2100DFF6EB /* ConversationsController.swift in Sources */,
				60450C6724735C5400DFF6EB /* SceneDelegate.swift in Sources */,
				60450C84247366E400DFF6EB /* RegistrationController.swift in Sources */,
				60450C82247366D600DFF6EB /* LoginController.swift in Sources */,
			);
			runOnlyForDeploymentPostprocessing = 0;
		};
/* End PBXSourcesBuildPhase section */

/* Begin PBXVariantGroup section */
		60450C6A24735C5400DFF6EB /* Main.storyboard */ = {
			isa = PBXVariantGroup;
			children = (
				60450C6B24735C5400DFF6EB /* Base */,
			);
			name = Main.storyboard;
			sourceTree = "<group>";
		};
		60450C6F24735C5800DFF6EB /* LaunchScreen.storyboard */ = {
			isa = PBXVariantGroup;
			children = (
				60450C7024735C5800DFF6EB /* Base */,
			);
			name = LaunchScreen.storyboard;
			sourceTree = "<group>";
		};
/* End PBXVariantGroup section */

/* Begin XCBuildConfiguration section */
		60450C7324735C5800DFF6EB /* Debug */ = {
			isa = XCBuildConfiguration;
			buildSettings = {
				ALWAYS_SEARCH_USER_PATHS = NO;
				CLANG_ANALYZER_NONNULL = YES;
				CLANG_ANALYZER_NUMBER_OBJECT_CONVERSION = YES_AGGRESSIVE;
				CLANG_CXX_LANGUAGE_STANDARD = "gnu++14";
				CLANG_CXX_LIBRARY = "libc++";
				CLANG_ENABLE_MODULES = YES;
				CLANG_ENABLE_OBJC_ARC = YES;
				CLANG_ENABLE_OBJC_WEAK = YES;
				CLANG_WARN_BLOCK_CAPTURE_AUTORELEASING = YES;
				CLANG_WARN_BOOL_CONVERSION = YES;
				CLANG_WARN_COMMA = YES;
				CLANG_WARN_CONSTANT_CONVERSION = YES;
				CLANG_WARN_DEPRECATED_OBJC_IMPLEMENTATIONS = YES;
				CLANG_WARN_DIRECT_OBJC_ISA_USAGE = YES_ERROR;
				CLANG_WARN_DOCUMENTATION_COMMENTS = YES;
				CLANG_WARN_EMPTY_BODY = YES;
				CLANG_WARN_ENUM_CONVERSION = YES;
				CLANG_WARN_INFINITE_RECURSION = YES;
				CLANG_WARN_INT_CONVERSION = YES;
				CLANG_WARN_NON_LITERAL_NULL_CONVERSION = YES;
				CLANG_WARN_OBJC_IMPLICIT_RETAIN_SELF = YES;
				CLANG_WARN_OBJC_LITERAL_CONVERSION = YES;
				CLANG_WARN_OBJC_ROOT_CLASS = YES_ERROR;
				CLANG_WARN_RANGE_LOOP_ANALYSIS = YES;
				CLANG_WARN_STRICT_PROTOTYPES = YES;
				CLANG_WARN_SUSPICIOUS_MOVE = YES;
				CLANG_WARN_UNGUARDED_AVAILABILITY = YES_AGGRESSIVE;
				CLANG_WARN_UNREACHABLE_CODE = YES;
				CLANG_WARN__DUPLICATE_METHOD_MATCH = YES;
				COPY_PHASE_STRIP = NO;
				DEBUG_INFORMATION_FORMAT = dwarf;
				ENABLE_STRICT_OBJC_MSGSEND = YES;
				ENABLE_TESTABILITY = YES;
				GCC_C_LANGUAGE_STANDARD = gnu11;
				GCC_DYNAMIC_NO_PIC = NO;
				GCC_NO_COMMON_BLOCKS = YES;
				GCC_OPTIMIZATION_LEVEL = 0;
				GCC_PREPROCESSOR_DEFINITIONS = (
					"DEBUG=1",
					"$(inherited)",
				);
				GCC_WARN_64_TO_32_BIT_CONVERSION = YES;
				GCC_WARN_ABOUT_RETURN_TYPE = YES_ERROR;
				GCC_WARN_UNDECLARED_SELECTOR = YES;
				GCC_WARN_UNINITIALIZED_AUTOS = YES_AGGRESSIVE;
				GCC_WARN_UNUSED_FUNCTION = YES;
				GCC_WARN_UNUSED_VARIABLE = YES;
				IPHONEOS_DEPLOYMENT_TARGET = 13.4;
				MTL_ENABLE_DEBUG_INFO = INCLUDE_SOURCE;
				MTL_FAST_MATH = YES;
				ONLY_ACTIVE_ARCH = YES;
				SDKROOT = iphoneos;
				SWIFT_ACTIVE_COMPILATION_CONDITIONS = DEBUG;
				SWIFT_OPTIMIZATION_LEVEL = "-Onone";
			};
			name = Debug;
		};
		60450C7424735C5800DFF6EB /* Release */ = {
			isa = XCBuildConfiguration;
			buildSettings = {
				ALWAYS_SEARCH_USER_PATHS = NO;
				CLANG_ANALYZER_NONNULL = YES;
				CLANG_ANALYZER_NUMBER_OBJECT_CONVERSION = YES_AGGRESSIVE;
				CLANG_CXX_LANGUAGE_STANDARD = "gnu++14";
				CLANG_CXX_LIBRARY = "libc++";
				CLANG_ENABLE_MODULES = YES;
				CLANG_ENABLE_OBJC_ARC = YES;
				CLANG_ENABLE_OBJC_WEAK = YES;
				CLANG_WARN_BLOCK_CAPTURE_AUTORELEASING = YES;
				CLANG_WARN_BOOL_CONVERSION = YES;
				CLANG_WARN_COMMA = YES;
				CLANG_WARN_CONSTANT_CONVERSION = YES;
				CLANG_WARN_DEPRECATED_OBJC_IMPLEMENTATIONS = YES;
				CLANG_WARN_DIRECT_OBJC_ISA_USAGE = YES_ERROR;
				CLANG_WARN_DOCUMENTATION_COMMENTS = YES;
				CLANG_WARN_EMPTY_BODY = YES;
				CLANG_WARN_ENUM_CONVERSION = YES;
				CLANG_WARN_INFINITE_RECURSION = YES;
				CLANG_WARN_INT_CONVERSION = YES;
				CLANG_WARN_NON_LITERAL_NULL_CONVERSION = YES;
				CLANG_WARN_OBJC_IMPLICIT_RETAIN_SELF = YES;
				CLANG_WARN_OBJC_LITERAL_CONVERSION = YES;
				CLANG_WARN_OBJC_ROOT_CLASS = YES_ERROR;
				CLANG_WARN_RANGE_LOOP_ANALYSIS = YES;
				CLANG_WARN_STRICT_PROTOTYPES = YES;
				CLANG_WARN_SUSPICIOUS_MOVE = YES;
				CLANG_WARN_UNGUARDED_AVAILABILITY = YES_AGGRESSIVE;
				CLANG_WARN_UNREACHABLE_CODE = YES;
				CLANG_WARN__DUPLICATE_METHOD_MATCH = YES;
				COPY_PHASE_STRIP = NO;
				DEBUG_INFORMATION_FORMAT = "dwarf-with-dsym";
				ENABLE_NS_ASSERTIONS = NO;
				ENABLE_STRICT_OBJC_MSGSEND = YES;
				GCC_C_LANGUAGE_STANDARD = gnu11;
				GCC_NO_COMMON_BLOCKS = YES;
				GCC_WARN_64_TO_32_BIT_CONVERSION = YES;
				GCC_WARN_ABOUT_RETURN_TYPE = YES_ERROR;
				GCC_WARN_UNDECLARED_SELECTOR = YES;
				GCC_WARN_UNINITIALIZED_AUTOS = YES_AGGRESSIVE;
				GCC_WARN_UNUSED_FUNCTION = YES;
				GCC_WARN_UNUSED_VARIABLE = YES;
				IPHONEOS_DEPLOYMENT_TARGET = 13.4;
				MTL_ENABLE_DEBUG_INFO = NO;
				MTL_FAST_MATH = YES;
				SDKROOT = iphoneos;
				SWIFT_COMPILATION_MODE = wholemodule;
				SWIFT_OPTIMIZATION_LEVEL = "-O";
				VALIDATE_PRODUCT = YES;
			};
			name = Release;
		};
		60450C7624735C5800DFF6EB /* Debug */ = {
			isa = XCBuildConfiguration;
			buildSettings = {
				ASSETCATALOG_COMPILER_APPICON_NAME = AppIcon;
				CODE_SIGN_STYLE = Automatic;
				DEVELOPMENT_TEAM = 4Q9SUUL4ZR;
				INFOPLIST_FILE = FireChat/Info.plist;
				LD_RUNPATH_SEARCH_PATHS = (
					"$(inherited)",
					"@executable_path/Frameworks",
				);
				PRODUCT_BUNDLE_IDENTIFIER = com.mateussales.FireChat;
				PRODUCT_NAME = "$(TARGET_NAME)";
				SWIFT_VERSION = 5.0;
				TARGETED_DEVICE_FAMILY = "1,2";
			};
			name = Debug;
		};
		60450C7724735C5800DFF6EB /* Release */ = {
			isa = XCBuildConfiguration;
			buildSettings = {
				ASSETCATALOG_COMPILER_APPICON_NAME = AppIcon;
				CODE_SIGN_STYLE = Automatic;
				DEVELOPMENT_TEAM = 4Q9SUUL4ZR;
				INFOPLIST_FILE = FireChat/Info.plist;
				LD_RUNPATH_SEARCH_PATHS = (
					"$(inherited)",
					"@executable_path/Frameworks",
				);
				PRODUCT_BUNDLE_IDENTIFIER = com.mateussales.FireChat;
				PRODUCT_NAME = "$(TARGET_NAME)";
				SWIFT_VERSION = 5.0;
				TARGETED_DEVICE_FAMILY = "1,2";
			};
			name = Release;
		};
/* End XCBuildConfiguration section */

/* Begin XCConfigurationList section */
		60450C5C24735C5400DFF6EB /* Build configuration list for PBXProject "FireChat" */ = {
			isa = XCConfigurationList;
			buildConfigurations = (
				60450C7324735C5800DFF6EB /* Debug */,
				60450C7424735C5800DFF6EB /* Release */,
			);
			defaultConfigurationIsVisible = 0;
			defaultConfigurationName = Release;
		};
		60450C7524735C5800DFF6EB /* Build configuration list for PBXNativeTarget "FireChat" */ = {
			isa = XCConfigurationList;
			buildConfigurations = (
				60450C7624735C5800DFF6EB /* Debug */,
				60450C7724735C5800DFF6EB /* Release */,
			);
			defaultConfigurationIsVisible = 0;
			defaultConfigurationName = Release;
		};
/* End XCConfigurationList section */
	};
	rootObject = 60450C5924735C5400DFF6EB /* Project object */;
}
